
Microsoft Visual Studio Solution File, Format Version 12.00
# Visual Studio Version 17
VisualStudioVersion = 17.2.32526.322
MinimumVisualStudioVersion = 10.0.40219.1
Project("{FAE04EC0-301F-11D3-BF4B-00C04F79EFBC}") = "InmobilariaReal", "InmobilariaReal\InmobilariaReal.csproj", "{3F585DCD-0C6A-4380-B1F1-379FC249ECF1}"
EndProject
Global
	GlobalSection(SolutionConfigurationPlatforms) = preSolution
		Debug|Any CPU = Debug|Any CPU
		Release|Any CPU = Release|Any CPU
	EndGlobalSection
	GlobalSection(ProjectConfigurationPlatforms) = postSolution
		{3F585DCD-0C6A-4380-B1F1-379FC249ECF1}.Debug|Any CPU.ActiveCfg = Debug|Any CPU
		{3F585DCD-0C6A-4380-B1F1-379FC249ECF1}.Debug|Any CPU.Build.0 = Debug|Any CPU
		{3F585DCD-0C6A-4380-B1F1-379FC249ECF1}.Release|Any CPU.ActiveCfg = Release|Any CPU
		{3F585DCD-0C6A-4380-B1F1-379FC249ECF1}.Release|Any CPU.Build.0 = Release|Any CPU
	EndGlobalSection
	GlobalSection(SolutionProperties) = preSolution
		HideSolutionNode = FALSE
	EndGlobalSection
	GlobalSection(ExtensibilityGlobals) = postSolution
		SolutionGuid = {DF2B4382-237D-4A45-B9D1-AF98DC1815C0}
	EndGlobalSection
EndGlobal
